{
  "nodes": {
    "flake-utils": {
      "locked": {
        "lastModified": 1649676176,
        "narHash": "sha256-OWKJratjt2RW151VUlJPRALb7OU2S5s+f0vLj4o1bHM=",
        "owner": "numtide",
        "repo": "flake-utils",
        "rev": "a4b154ebbdc88c8498a5c7b01589addc9e9cb678",
        "type": "github"
      },
      "original": {
        "owner": "numtide",
        "repo": "flake-utils",
        "type": "github"
      }
    },
    "nixpkgs-darwin-libvirt": {
      "locked": {
        "lastModified": 1648329358,
        "narHash": "sha256-gdtdQmkbvnSSFgEfVxLqmPQaul+ukQ8UcIgDb838q24=",
        "owner": "mikroskeem",
        "repo": "nixpkgs",
        "rev": "74f51a396760c295b0a238cdae5d6e0d8c8626ed",
        "type": "github"
      },
      "original": {
        "owner": "mikroskeem",
        "ref": "virt-manager-darwin",
        "repo": "nixpkgs",
        "type": "github"
      }
    },
    "root": {
      "inputs": {
        "flake-utils": "flake-utils",
        "nixpkgs-darwin-libvirt": "nixpkgs-darwin-libvirt"
      }
    }
  },
  "root": "root",
  "version": 7
}
